
Microsoft Visual Studio Solution File, Format Version 12.00
# Visual Studio Version 16
VisualStudioVersion = 16.0.29418.71
MinimumVisualStudioVersion = 10.0.40219.1
Project("{FAE04EC0-301F-11D3-BF4B-00C04F79EFBC}") = "Collections", "Collections\Collections.csproj", "{81E4438D-F3A7-4C63-AD1A-28D3A7155897}"
EndProject
Project("{FAE04EC0-301F-11D3-BF4B-00C04F79EFBC}") = "XUnitTestCollections", "XUnitTestCollections\XUnitTestCollections.csproj", "{8D87A1E0-ED49-4A02-8E5C-EEF3D83AFF7E}"
EndProject
Project("{2150E333-8FDC-42A3-9474-1A3956D46DE8}") = "Classes", "Classes", "{90984CFE-4519-457D-B165-CCA3790E8FBF}"
	ProjectSection(SolutionItems) = preProject
		Book.cs = Book.cs
		Class1.cs = Class1.cs
	EndProjectSection
EndProject
Global
	GlobalSection(SolutionConfigurationPlatforms) = preSolution
		Debug|Any CPU = Debug|Any CPU
		Release|Any CPU = Release|Any CPU
	EndGlobalSection
	GlobalSection(ProjectConfigurationPlatforms) = postSolution
		{81E4438D-F3A7-4C63-AD1A-28D3A7155897}.Debug|Any CPU.ActiveCfg = Debug|Any CPU
		{81E4438D-F3A7-4C63-AD1A-28D3A7155897}.Debug|Any CPU.Build.0 = Debug|Any CPU
		{81E4438D-F3A7-4C63-AD1A-28D3A7155897}.Release|Any CPU.ActiveCfg = Release|Any CPU
		{81E4438D-F3A7-4C63-AD1A-28D3A7155897}.Release|Any CPU.Build.0 = Release|Any CPU
		{8D87A1E0-ED49-4A02-8E5C-EEF3D83AFF7E}.Debug|Any CPU.ActiveCfg = Debug|Any CPU
		{8D87A1E0-ED49-4A02-8E5C-EEF3D83AFF7E}.Debug|Any CPU.Build.0 = Debug|Any CPU
		{8D87A1E0-ED49-4A02-8E5C-EEF3D83AFF7E}.Release|Any CPU.ActiveCfg = Release|Any CPU
		{8D87A1E0-ED49-4A02-8E5C-EEF3D83AFF7E}.Release|Any CPU.Build.0 = Release|Any CPU
	EndGlobalSection
	GlobalSection(SolutionProperties) = preSolution
		HideSolutionNode = FALSE
	EndGlobalSection
	GlobalSection(ExtensibilityGlobals) = postSolution
		SolutionGuid = {5391E60B-A839-4AF9-B770-4916F62D0C3B}
	EndGlobalSection
EndGlobal
